
Microsoft Visual Studio Solution File, Format Version 10.00
# Visual Studio 2008
Project("{FAE04EC0-301F-11D3-BF4B-00C04F79EFBC}") = "WhiteQZ", "WhiteQZ\WhiteQZ.csproj", "{EDAB9A30-F105-43AC-A73D-3E8F51BEDCE0}"
EndProject
Project("{FAE04EC0-301F-11D3-BF4B-00C04F79EFBC}") = "DoProxy", "DoProxy\DoProxy.csproj", "{31B8FA3B-4924-4EEE-955D-53FDD60CED6A}"
EndProject
Project("{FAE04EC0-301F-11D3-BF4B-00C04F79EFBC}") = "TDll", "TDll\TDll.csproj", "{3BB19229-EE67-42F0-A163-EC978A3BE57D}"
EndProject
Project("{FAE04EC0-301F-11D3-BF4B-00C04F79EFBC}") = "JProxy", "..\EmeManager.Proxy\JProxy.csproj", "{C9AD79DF-2834-485E-9B94-6387126477FE}"
EndProject
Project("{2150E333-8FDC-42A3-9474-1A3956D46DE8}") = "dllProxy", "dllProxy", "{B4C02562-8E3C-45F6-A4BF-AA4A5ED77422}"
EndProject
Project("{2150E333-8FDC-42A3-9474-1A3956D46DE8}") = "Bas", "Bas", "{6D945D96-B73B-4AD7-93B8-8C21F44EE081}"
EndProject
Project("{2150E333-8FDC-42A3-9474-1A3956D46DE8}") = "SourceCoin", "SourceCoin", "{CD097DDA-62CD-4821-810A-430A0CF5D0FC}"
EndProject
Project("{2150E333-8FDC-42A3-9474-1A3956D46DE8}") = "WForm", "WForm", "{5E3A7C01-F42B-44BD-A7BE-310A7E67283B}"
EndProject
Project("{FAE04EC0-301F-11D3-BF4B-00C04F79EFBC}") = "XWeb", "XWeb\XWeb.csproj", "{9EF20F76-CB85-4AD0-A5B8-4C52366AD8F1}"
EndProject
Project("{FAE04EC0-301F-11D3-BF4B-00C04F79EFBC}") = "Bas", "Bas\Bas.csproj", "{1F2EE811-E262-432E-AB37-FEAAAE209BA7}"
EndProject
Global
	GlobalSection(SolutionConfigurationPlatforms) = preSolution
		Debug|Any CPU = Debug|Any CPU
		Release|Any CPU = Release|Any CPU
	EndGlobalSection
	GlobalSection(ProjectConfigurationPlatforms) = postSolution
		{EDAB9A30-F105-43AC-A73D-3E8F51BEDCE0}.Debug|Any CPU.ActiveCfg = Debug|Any CPU
		{EDAB9A30-F105-43AC-A73D-3E8F51BEDCE0}.Debug|Any CPU.Build.0 = Debug|Any CPU
		{EDAB9A30-F105-43AC-A73D-3E8F51BEDCE0}.Release|Any CPU.ActiveCfg = Release|Any CPU
		{EDAB9A30-F105-43AC-A73D-3E8F51BEDCE0}.Release|Any CPU.Build.0 = Release|Any CPU
		{31B8FA3B-4924-4EEE-955D-53FDD60CED6A}.Debug|Any CPU.ActiveCfg = Debug|Any CPU
		{31B8FA3B-4924-4EEE-955D-53FDD60CED6A}.Debug|Any CPU.Build.0 = Debug|Any CPU
		{31B8FA3B-4924-4EEE-955D-53FDD60CED6A}.Release|Any CPU.ActiveCfg = Release|Any CPU
		{31B8FA3B-4924-4EEE-955D-53FDD60CED6A}.Release|Any CPU.Build.0 = Release|Any CPU
		{3BB19229-EE67-42F0-A163-EC978A3BE57D}.Debug|Any CPU.ActiveCfg = Debug|Any CPU
		{3BB19229-EE67-42F0-A163-EC978A3BE57D}.Debug|Any CPU.Build.0 = Debug|Any CPU
		{3BB19229-EE67-42F0-A163-EC978A3BE57D}.Release|Any CPU.ActiveCfg = Release|Any CPU
		{3BB19229-EE67-42F0-A163-EC978A3BE57D}.Release|Any CPU.Build.0 = Release|Any CPU
		{C9AD79DF-2834-485E-9B94-6387126477FE}.Debug|Any CPU.ActiveCfg = Debug|Any CPU
		{C9AD79DF-2834-485E-9B94-6387126477FE}.Debug|Any CPU.Build.0 = Debug|Any CPU
		{C9AD79DF-2834-485E-9B94-6387126477FE}.Release|Any CPU.ActiveCfg = Release|Any CPU
		{C9AD79DF-2834-485E-9B94-6387126477FE}.Release|Any CPU.Build.0 = Release|Any CPU
		{9EF20F76-CB85-4AD0-A5B8-4C52366AD8F1}.Debug|Any CPU.ActiveCfg = Debug|Any CPU
		{9EF20F76-CB85-4AD0-A5B8-4C52366AD8F1}.Debug|Any CPU.Build.0 = Debug|Any CPU
		{9EF20F76-CB85-4AD0-A5B8-4C52366AD8F1}.Release|Any CPU.ActiveCfg = Release|Any CPU
		{9EF20F76-CB85-4AD0-A5B8-4C52366AD8F1}.Release|Any CPU.Build.0 = Release|Any CPU
		{1F2EE811-E262-432E-AB37-FEAAAE209BA7}.Debug|Any CPU.ActiveCfg = Debug|Any CPU
		{1F2EE811-E262-432E-AB37-FEAAAE209BA7}.Debug|Any CPU.Build.0 = Debug|Any CPU
		{1F2EE811-E262-432E-AB37-FEAAAE209BA7}.Release|Any CPU.ActiveCfg = Release|Any CPU
		{1F2EE811-E262-432E-AB37-FEAAAE209BA7}.Release|Any CPU.Build.0 = Release|Any CPU
	EndGlobalSection
	GlobalSection(SolutionProperties) = preSolution
		HideSolutionNode = FALSE
	EndGlobalSection
	GlobalSection(NestedProjects) = preSolution
		{3BB19229-EE67-42F0-A163-EC978A3BE57D} = {B4C02562-8E3C-45F6-A4BF-AA4A5ED77422}
		{C9AD79DF-2834-485E-9B94-6387126477FE} = {B4C02562-8E3C-45F6-A4BF-AA4A5ED77422}
		{31B8FA3B-4924-4EEE-955D-53FDD60CED6A} = {B4C02562-8E3C-45F6-A4BF-AA4A5ED77422}
		{1F2EE811-E262-432E-AB37-FEAAAE209BA7} = {6D945D96-B73B-4AD7-93B8-8C21F44EE081}
		{9EF20F76-CB85-4AD0-A5B8-4C52366AD8F1} = {5E3A7C01-F42B-44BD-A7BE-310A7E67283B}
	EndGlobalSection
EndGlobal
